dependencies:
  espressif/led_strip:
    component_hash: b578eb926d9f6402fd45398b53c9bd5d1b7a15c1b2974d25aa3088e6c79b0b4c
    dependencies:
    - name: idf
      require: private
      version: '>=5.0'
    source:
      registry_url: https://components.espressif.com/
      type: service
    version: 3.0.1
  idf:
    source:
      type: idf
    version: 5.4.0
direct_dependencies:
- espressif/led_strip
- idf
manifest_hash: bafb9c97e1cf9cd439df8f6ab3638049be61d44ee07136556043987ae9442457
target: esp32s3
version: 2.0.0
